<?xml version="1.0" encoding="utf-8"?>
<Project ToolsVersion="4.0" xmlns="http://schemas.microsoft.com/developer/msbuild/2003">
  <ItemGroup>
    <Filter Include="Source Files">
      <UniqueIdentifier>{4FC737F1-C7A5-4376-A066-2A32D752A2FF}</UniqueIdentifier>
      <Extensions>cpp;c;cc;cxx;def;odl;idl;hpj;bat;asm;asmx</Extensions>
    </Filter>
    <Filter Include="Header Files">
      <UniqueIdentifier>{93995380-89BD-4b04-88EB-625FBE52EBFB}</UniqueIdentifier>
      <Extensions>h;hh;hpp;hxx;hm;inl;inc;xsd</Extensions>
    </Filter>
    <Filter Include="Resource Files">
      <UniqueIdentifier>{D9D6E242-F8AF-46E4-B9FD-80ECBC20BA3E}</UniqueIdentifier>
      <Extensions>qrc;*</Extensions>
      <ParseFiles>false</ParseFiles>
    </Filter>
    <Filter Include="Form Files">
      <UniqueIdentifier>{99349809-55BA-4b9d-BF79-8FDBB0286EB3}</UniqueIdentifier>
      <Extensions>ui</Extensions>
    </Filter>
    <Filter Include="Resource Files">
      <UniqueIdentifier>{D9D6E242-F8AF-46E4-B9FD-80ECBC20BA3E}</UniqueIdentifier>
      <Extensions>qrc;*</Extensions>
      <ParseFiles>false</ParseFiles>
    </Filter>
  </ItemGroup>
  <ItemGroup>
    <ClCompile Include="main.cpp">
      <Filter>Source Files</Filter>
    </ClCompile>
    <ClCompile Include="test_studio.cpp">
      <Filter>Source Files</Filter>
    </ClCompile>
    <ClCompile Include="qcustomplot.cpp">
      <Filter>Source Files</Filter>
    </ClCompile>
    <ClCompile Include="test_statistics.cpp">
      <Filter>Source Files</Filter>
    </ClCompile>
    <ClCompile Include="QtSon.cpp">
      <Filter>Source Files</Filter>
    </ClCompile>
    <ClCompile Include="sqldb.cpp">
      <Filter>Source Files</Filter>
    </ClCompile>
    <ClCompile Include="ReadOnlyDelegate.cpp">
      <Filter>Source Files</Filter>
    </ClCompile>
    <ClCompile Include="initLayout.cpp">
      <Filter>Source Files</Filter>
    </ClCompile>
    <ClCompile Include="SettingOption.cpp">
      <Filter>Source Files</Filter>
    </ClCompile>
    <ClCompile Include="HistoryQuery.cpp">
      <Filter>Source Files</Filter>
    </ClCompile>
    <ClCompile Include="HelpAbout.cpp">
      <Filter>Source Files</Filter>
    </ClCompile>
    <ClCompile Include="UserRegister.cpp">
      <Filter>Source Files</Filter>
    </ClCompile>
    <ClCompile Include="saveMeasureDataSql.cpp">
      <Filter>Source Files</Filter>
    </ClCompile>
  </ItemGroup>
  <ItemGroup>
    <QtMoc Include="qcustomplot.h">
      <Filter>Header Files</Filter>
    </QtMoc>
    <QtMoc Include="test_statistics.h">
      <Filter>Header Files</Filter>
    </QtMoc>
    <QtMoc Include="QtSon.h">
      <Filter>Header Files</Filter>
    </QtMoc>
    <QtMoc Include="test_studio.h">
      <Filter>Header Files</Filter>
    </QtMoc>
    <QtMoc Include="SettingOption.h">
      <Filter>Header Files</Filter>
    </QtMoc>
    <QtMoc Include="HistoryQuery.h">
      <Filter>Header Files</Filter>
    </QtMoc>
    <QtMoc Include="HelpAbout.h">
      <Filter>Header Files</Filter>
    </QtMoc>
    <QtMoc Include="UserRegister.h">
      <Filter>Header Files</Filter>
    </QtMoc>
  </ItemGroup>
  <ItemGroup>
    <QtUic Include="test_studio.ui">
      <Filter>Form Files</Filter>
    </QtUic>
    <QtUic Include="test_statistics.ui">
      <Filter>Form Files</Filter>
    </QtUic>
    <QtUic Include="QtSon.ui">
      <Filter>Form Files</Filter>
    </QtUic>
    <QtUic Include="SettingOption.ui">
      <Filter>Form Files</Filter>
    </QtUic>
    <QtUic Include="HistoryQuery.ui">
      <Filter>Form Files</Filter>
    </QtUic>
    <QtUic Include="HelpAbout.ui">
      <Filter>Form Files</Filter>
    </QtUic>
    <QtUic Include="UserRegister.ui">
      <Filter>Form Files</Filter>
    </QtUic>
  </ItemGroup>
  <ItemGroup>
    <QtRcc Include="test_studio.qrc">
      <Filter>Resource Files</Filter>
    </QtRcc>
  </ItemGroup>
  <ItemGroup>
    <ClInclude Include="sqldb.h">
      <Filter>Header Files</Filter>
    </ClInclude>
    <ClInclude Include="resource.h">
      <Filter>Header Files</Filter>
    </ClInclude>
    <ClInclude Include="ReadOnlyDelegate.h">
      <Filter>Header Files</Filter>
    </ClInclude>
    <ClInclude Include="initLayout.h">
      <Filter>Header Files</Filter>
    </ClInclude>
    <ClInclude Include="saveMeasureDataSql.h">
      <Filter>Header Files</Filter>
    </ClInclude>
  </ItemGroup>
  <ItemGroup>
    <ResourceCompile Include="test_studio.rc" />
  </ItemGroup>
  <ItemGroup>
    <Image Include="icon1.ico" />
  </ItemGroup>
</Project>